
Microsoft Visual Studio Solution File, Format Version 12.00
# Visual Studio Version 16
VisualStudioVersion = 16.0.31605.320
MinimumVisualStudioVersion = 10.0.40219.1
Project("{FAE04EC0-301F-11D3-BF4B-00C04F79EFBC}") = "codeAnalysis", "codeAnalysis\codeAnalysis.csproj", "{36590FC4-F5E6-43D3-9C21-639E45559899}"
EndProject
Project("{FAE04EC0-301F-11D3-BF4B-00C04F79EFBC}") = "codeTwo", "codeTwo\codeTwo.csproj", "{2798A01B-F55F-41AC-BF9C-BB3CCD7E48F0}"
EndProject
Project("{FAE04EC0-301F-11D3-BF4B-00C04F79EFBC}") = "codeThree", "codeThree\codeThree.csproj", "{DA3EBA94-2DC5-401F-B4E6-ABB503D206A0}"
EndProject
Project("{FAE04EC0-301F-11D3-BF4B-00C04F79EFBC}") = "codeFour", "codeFour\codeFour.csproj", "{3E6380C2-0A77-4D1A-A519-8BF3B757D14E}"
EndProject
Project("{FAE04EC0-301F-11D3-BF4B-00C04F79EFBC}") = "codeFive", "codeFive\codeFive.csproj", "{4A8209D8-C734-457B-ADAA-473A11BBC2DE}"
EndProject
Project("{FAE04EC0-301F-11D3-BF4B-00C04F79EFBC}") = "codeSix", "codeSix\codeSix.csproj", "{CCE8A36A-8413-4B5B-BE04-157D094E8353}"
EndProject
Project("{FAE04EC0-301F-11D3-BF4B-00C04F79EFBC}") = "mintIndex", "mintIndex\mintIndex.csproj", "{6F7E9AE2-0DEC-4A55-AB4F-4F9703BE30C2}"
EndProject
Project("{FAE04EC0-301F-11D3-BF4B-00C04F79EFBC}") = "AllElements", "AllElements\AllElements.csproj", "{B4DC6DD5-854D-4545-B486-6D8DC93CECD7}"
EndProject
Project("{FAE04EC0-301F-11D3-BF4B-00C04F79EFBC}") = "minMaxIndex", "minMaxIndex\minMaxIndex.csproj", "{2FEF0D2F-A95C-4916-8C15-4F7DA1ED0038}"
EndProject
Project("{FAE04EC0-301F-11D3-BF4B-00C04F79EFBC}") = "swapMaxMin", "swapMaxMin\swapMaxMin.csproj", "{4CCBA1A6-2745-435E-8D25-57DB3A29DC93}"
EndProject
Project("{FAE04EC0-301F-11D3-BF4B-00C04F79EFBC}") = "Palindrome", "Palindrome\Palindrome.csproj", "{77B4A85E-B195-4A75-BFDF-AB47340FE2C0}"
EndProject
Project("{FAE04EC0-301F-11D3-BF4B-00C04F79EFBC}") = "PalindromeToo", "PalindromeToo\PalindromeToo.csproj", "{6E166A39-7A3D-4B14-AC30-5E8F9C2C531C}"
EndProject
Global
	GlobalSection(SolutionConfigurationPlatforms) = preSolution
		Debug|Any CPU = Debug|Any CPU
		Release|Any CPU = Release|Any CPU
	EndGlobalSection
	GlobalSection(ProjectConfigurationPlatforms) = postSolution
		{36590FC4-F5E6-43D3-9C21-639E45559899}.Debug|Any CPU.ActiveCfg = Debug|Any CPU
		{36590FC4-F5E6-43D3-9C21-639E45559899}.Debug|Any CPU.Build.0 = Debug|Any CPU
		{36590FC4-F5E6-43D3-9C21-639E45559899}.Release|Any CPU.ActiveCfg = Release|Any CPU
		{36590FC4-F5E6-43D3-9C21-639E45559899}.Release|Any CPU.Build.0 = Release|Any CPU
		{2798A01B-F55F-41AC-BF9C-BB3CCD7E48F0}.Debug|Any CPU.ActiveCfg = Debug|Any CPU
		{2798A01B-F55F-41AC-BF9C-BB3CCD7E48F0}.Debug|Any CPU.Build.0 = Debug|Any CPU
		{2798A01B-F55F-41AC-BF9C-BB3CCD7E48F0}.Release|Any CPU.ActiveCfg = Release|Any CPU
		{2798A01B-F55F-41AC-BF9C-BB3CCD7E48F0}.Release|Any CPU.Build.0 = Release|Any CPU
		{DA3EBA94-2DC5-401F-B4E6-ABB503D206A0}.Debug|Any CPU.ActiveCfg = Debug|Any CPU
		{DA3EBA94-2DC5-401F-B4E6-ABB503D206A0}.Debug|Any CPU.Build.0 = Debug|Any CPU
		{DA3EBA94-2DC5-401F-B4E6-ABB503D206A0}.Release|Any CPU.ActiveCfg = Release|Any CPU
		{DA3EBA94-2DC5-401F-B4E6-ABB503D206A0}.Release|Any CPU.Build.0 = Release|Any CPU
		{3E6380C2-0A77-4D1A-A519-8BF3B757D14E}.Debug|Any CPU.ActiveCfg = Debug|Any CPU
		{3E6380C2-0A77-4D1A-A519-8BF3B757D14E}.Debug|Any CPU.Build.0 = Debug|Any CPU
		{3E6380C2-0A77-4D1A-A519-8BF3B757D14E}.Release|Any CPU.ActiveCfg = Release|Any CPU
		{3E6380C2-0A77-4D1A-A519-8BF3B757D14E}.Release|Any CPU.Build.0 = Release|Any CPU
		{4A8209D8-C734-457B-ADAA-473A11BBC2DE}.Debug|Any CPU.ActiveCfg = Debug|Any CPU
		{4A8209D8-C734-457B-ADAA-473A11BBC2DE}.Debug|Any CPU.Build.0 = Debug|Any CPU
		{4A8209D8-C734-457B-ADAA-473A11BBC2DE}.Release|Any CPU.ActiveCfg = Release|Any CPU
		{4A8209D8-C734-457B-ADAA-473A11BBC2DE}.Release|Any CPU.Build.0 = Release|Any CPU
		{CCE8A36A-8413-4B5B-BE04-157D094E8353}.Debug|Any CPU.ActiveCfg = Debug|Any CPU
		{CCE8A36A-8413-4B5B-BE04-157D094E8353}.Debug|Any CPU.Build.0 = Debug|Any CPU
		{CCE8A36A-8413-4B5B-BE04-157D094E8353}.Release|Any CPU.ActiveCfg = Release|Any CPU
		{CCE8A36A-8413-4B5B-BE04-157D094E8353}.Release|Any CPU.Build.0 = Release|Any CPU
		{6F7E9AE2-0DEC-4A55-AB4F-4F9703BE30C2}.Debug|Any CPU.ActiveCfg = Debug|Any CPU
		{6F7E9AE2-0DEC-4A55-AB4F-4F9703BE30C2}.Debug|Any CPU.Build.0 = Debug|Any CPU
		{6F7E9AE2-0DEC-4A55-AB4F-4F9703BE30C2}.Release|Any CPU.ActiveCfg = Release|Any CPU
		{6F7E9AE2-0DEC-4A55-AB4F-4F9703BE30C2}.Release|Any CPU.Build.0 = Release|Any CPU
		{B4DC6DD5-854D-4545-B486-6D8DC93CECD7}.Debug|Any CPU.ActiveCfg = Debug|Any CPU
		{B4DC6DD5-854D-4545-B486-6D8DC93CECD7}.Debug|Any CPU.Build.0 = Debug|Any CPU
		{B4DC6DD5-854D-4545-B486-6D8DC93CECD7}.Release|Any CPU.ActiveCfg = Release|Any CPU
		{B4DC6DD5-854D-4545-B486-6D8DC93CECD7}.Release|Any CPU.Build.0 = Release|Any CPU
		{2FEF0D2F-A95C-4916-8C15-4F7DA1ED0038}.Debug|Any CPU.ActiveCfg = Debug|Any CPU
		{2FEF0D2F-A95C-4916-8C15-4F7DA1ED0038}.Debug|Any CPU.Build.0 = Debug|Any CPU
		{2FEF0D2F-A95C-4916-8C15-4F7DA1ED0038}.Release|Any CPU.ActiveCfg = Release|Any CPU
		{2FEF0D2F-A95C-4916-8C15-4F7DA1ED0038}.Release|Any CPU.Build.0 = Release|Any CPU
		{4CCBA1A6-2745-435E-8D25-57DB3A29DC93}.Debug|Any CPU.ActiveCfg = Debug|Any CPU
		{4CCBA1A6-2745-435E-8D25-57DB3A29DC93}.Debug|Any CPU.Build.0 = Debug|Any CPU
		{4CCBA1A6-2745-435E-8D25-57DB3A29DC93}.Release|Any CPU.ActiveCfg = Release|Any CPU
		{4CCBA1A6-2745-435E-8D25-57DB3A29DC93}.Release|Any CPU.Build.0 = Release|Any CPU
		{77B4A85E-B195-4A75-BFDF-AB47340FE2C0}.Debug|Any CPU.ActiveCfg = Debug|Any CPU
		{77B4A85E-B195-4A75-BFDF-AB47340FE2C0}.Debug|Any CPU.Build.0 = Debug|Any CPU
		{77B4A85E-B195-4A75-BFDF-AB47340FE2C0}.Release|Any CPU.ActiveCfg = Release|Any CPU
		{77B4A85E-B195-4A75-BFDF-AB47340FE2C0}.Release|Any CPU.Build.0 = Release|Any CPU
		{6E166A39-7A3D-4B14-AC30-5E8F9C2C531C}.Debug|Any CPU.ActiveCfg = Debug|Any CPU
		{6E166A39-7A3D-4B14-AC30-5E8F9C2C531C}.Debug|Any CPU.Build.0 = Debug|Any CPU
		{6E166A39-7A3D-4B14-AC30-5E8F9C2C531C}.Release|Any CPU.ActiveCfg = Release|Any CPU
		{6E166A39-7A3D-4B14-AC30-5E8F9C2C531C}.Release|Any CPU.Build.0 = Release|Any CPU
	EndGlobalSection
	GlobalSection(SolutionProperties) = preSolution
		HideSolutionNode = FALSE
	EndGlobalSection
	GlobalSection(ExtensibilityGlobals) = postSolution
		SolutionGuid = {4ACE740C-37F6-4373-A4EE-35B2DFBE8CC2}
	EndGlobalSection
EndGlobal
